
Microsoft Visual Studio Solution File, Format Version 12.00
# Visual Studio 2012
Project("{FAE04EC0-301F-11D3-BF4B-00C04F79EFBC}") = "Wng.InternalAPI.Service", "Wng.InternalAPI.Service\Wng.InternalAPI.Service.csproj", "{672BFDC3-B18F-4DB0-9492-784A9B0D4C72}"
EndProject
Global
	GlobalSection(SolutionConfigurationPlatforms) = preSolution
		Debug|Any CPU = Debug|Any CPU
		Release|Any CPU = Release|Any CPU
	EndGlobalSection
	GlobalSection(ProjectConfigurationPlatforms) = postSolution
		{672BFDC3-B18F-4DB0-9492-784A9B0D4C72}.Debug|Any CPU.ActiveCfg = Debug|Any CPU
		{672BFDC3-B18F-4DB0-9492-784A9B0D4C72}.Debug|Any CPU.Build.0 = Debug|Any CPU
		{672BFDC3-B18F-4DB0-9492-784A9B0D4C72}.Release|Any CPU.ActiveCfg = Release|Any CPU
		{672BFDC3-B18F-4DB0-9492-784A9B0D4C72}.Release|Any CPU.Build.0 = Release|Any CPU
	EndGlobalSection
	GlobalSection(SolutionProperties) = preSolution
		HideSolutionNode = FALSE
	EndGlobalSection
EndGlobal
